
Microsoft Visual Studio Solution File, Format Version 12.00
# Visual Studio 15
VisualStudioVersion = 15.0.27004.2006
MinimumVisualStudioVersion = 10.0.40219.1
Project("{9A19103F-16F7-4668-BE54-9A1E7A4F7556}") = "FactOrFictionFrontend", "FactOrFictionFrontend\FactOrFictionFrontend.csproj", "{7FAA22DC-A346-4F15-BB3F-A81BCD8DE920}"
EndProject
Project("{FAE04EC0-301F-11D3-BF4B-00C04F79EFBC}") = "FactOrFictionTest", "FactOrFictionTest\FactOrFictionTest.csproj", "{13BC6AFC-2729-4DB1-AC80-4705A4AF37F5}"
EndProject
Global
	GlobalSection(SolutionConfigurationPlatforms) = preSolution
		Debug|Any CPU = Debug|Any CPU
		Release|Any CPU = Release|Any CPU
	EndGlobalSection
	GlobalSection(ProjectConfigurationPlatforms) = postSolution
		{7FAA22DC-A346-4F15-BB3F-A81BCD8DE920}.Debug|Any CPU.ActiveCfg = Debug|Any CPU
		{7FAA22DC-A346-4F15-BB3F-A81BCD8DE920}.Debug|Any CPU.Build.0 = Debug|Any CPU
		{7FAA22DC-A346-4F15-BB3F-A81BCD8DE920}.Release|Any CPU.ActiveCfg = Release|Any CPU
		{7FAA22DC-A346-4F15-BB3F-A81BCD8DE920}.Release|Any CPU.Build.0 = Release|Any CPU
		{13BC6AFC-2729-4DB1-AC80-4705A4AF37F5}.Debug|Any CPU.ActiveCfg = Debug|Any CPU
		{13BC6AFC-2729-4DB1-AC80-4705A4AF37F5}.Debug|Any CPU.Build.0 = Debug|Any CPU
		{13BC6AFC-2729-4DB1-AC80-4705A4AF37F5}.Release|Any CPU.ActiveCfg = Release|Any CPU
		{13BC6AFC-2729-4DB1-AC80-4705A4AF37F5}.Release|Any CPU.Build.0 = Release|Any CPU
	EndGlobalSection
	GlobalSection(SolutionProperties) = preSolution
		HideSolutionNode = FALSE
	EndGlobalSection
	GlobalSection(ExtensibilityGlobals) = postSolution
		SolutionGuid = {49D6659F-DFB5-4A3F-BFAE-F3F710529263}
	EndGlobalSection
EndGlobal
