{
  "requires": true,
  "lockfileVersion": 1,
  "dependencies": {
    "classnames": {
      "version": "2.2.5",
      "resolved": "https://registry.npmjs.org/classnames/-/classnames-2.2.5.tgz",
      "integrity": "sha1-+zgB1FNGdknvNgPH1hoCvRKb3m0="
    },
    "react-sweet-progress": {
      "version": "1.1.0",
      "resolved": "https://registry.npmjs.org/react-sweet-progress/-/react-sweet-progress-1.1.0.tgz",
      "integrity": "sha1-fWZjJQXEzfgtrZPIvgSedpOnbBk=",
      "requires": {
        "classnames": "2.2.5"
      }
    }
  }
}
